
Microsoft Visual Studio Solution File, Format Version 12.00
# Visual Studio Version 17
VisualStudioVersion = 17.0.32126.317
MinimumVisualStudioVersion = 10.0.40219.1
Project("{FAE04EC0-301F-11D3-BF4B-00C04F79EFBC}") = "StudentManagement.API", "StudentManagement.API\StudentManagement.API.csproj", "{B4CA2276-FB85-4708-8573-4664C858FDE3}"
EndProject
Global
	GlobalSection(SolutionConfigurationPlatforms) = preSolution
		Debug|Any CPU = Debug|Any CPU
		Release|Any CPU = Release|Any CPU
	EndGlobalSection
	GlobalSection(ProjectConfigurationPlatforms) = postSolution
		{B4CA2276-FB85-4708-8573-4664C858FDE3}.Debug|Any CPU.ActiveCfg = Debug|Any CPU
		{B4CA2276-FB85-4708-8573-4664C858FDE3}.Debug|Any CPU.Build.0 = Debug|Any CPU
		{B4CA2276-FB85-4708-8573-4664C858FDE3}.Release|Any CPU.ActiveCfg = Release|Any CPU
		{B4CA2276-FB85-4708-8573-4664C858FDE3}.Release|Any CPU.Build.0 = Release|Any CPU
	EndGlobalSection
	GlobalSection(SolutionProperties) = preSolution
		HideSolutionNode = FALSE
	EndGlobalSection
	GlobalSection(ExtensibilityGlobals) = postSolution
		SolutionGuid = {57BED42A-52DC-4DCE-8F90-B51B63CDFE2B}
	EndGlobalSection
EndGlobal
